// !$*UTF8*$!
{
	archiveVersion = 1;
	classes = {
	};
	objectVersion = 46;
	objects = {

/* Begin PBXBuildFile section */
		64647C1C1B026D6400443777 /* main.m in Sources */ = {isa = PBXBuildFile; fileRef = 64647C1B1B026D6400443777 /* main.m */; };
		64647C1F1B026D6400443777 /* AppDelegate.m in Sources */ = {isa = PBXBuildFile; fileRef = 64647C1E1B026D6400443777 /* AppDelegate.m */; };
		64647C221B026D6400443777 /* FirstViewController.m in Sources */ = {isa = PBXBuildFile; fileRef = 64647C211B026D6400443777 /* FirstViewController.m */; };
		64647C251B026D6400443777 /* SecondViewController.m in Sources */ = {isa = PBXBuildFile; fileRef = 64647C241B026D6400443777 /* SecondViewController.m */; };
		64647C281B026D6400443777 /* Main.storyboard in Resources */ = {isa = PBXBuildFile; fileRef = 64647C261B026D6400443777 /* Main.storyboard */; };
		64647C2A1B026D6400443777 /* Images.xcassets in Resources */ = {isa = PBXBuildFile; fileRef = 64647C291B026D6400443777 /* Images.xcassets */; };
		64647C2D1B026D6400443777 /* LaunchScreen.xib in Resources */ = {isa = PBXBuildFile; fileRef = 64647C2B1B026D6400443777 /* LaunchScreen.xib */; };
		64647C391B026D6400443777 /* ABTestPrototypeTests.m in Sources */ = {isa = PBXBuildFile; fileRef = 64647C381B026D6400443777 /* ABTestPrototypeTests.m */; };
		64647C441B02751100443777 /* UIViewController+RecursiveDescription.m in Sources */ = {isa = PBXBuildFile; fileRef = 64647C431B02751100443777 /* UIViewController+RecursiveDescription.m */; };
		64647C4A1B027CFF00443777 /* UIViewController+Updating.m in Sources */ = {isa = PBXBuildFile; fileRef = 64647C491B027CFF00443777 /* UIViewController+Updating.m */; };
		64647C4D1B027FB800443777 /* ABController.m in Sources */ = {isa = PBXBuildFile; fileRef = 64647C4C1B027FB800443777 /* ABController.m */; };
		64647C881B02C0A700443777 /* UIView+ABTesting.m in Sources */ = {isa = PBXBuildFile; fileRef = 64647C871B02C0A700443777 /* UIView+ABTesting.m */; };
		6C6561441626B914F2A40753 /* libPods.a in Frameworks */ = {isa = PBXBuildFile; fileRef = 5F2936CDBB8E5793172CD58B /* libPods.a */; };
/* End PBXBuildFile section */

/* Begin PBXContainerItemProxy section */
		64647C331B026D6400443777 /* PBXContainerItemProxy */ = {
			isa = PBXContainerItemProxy;
			containerPortal = 64647C0E1B026D6400443777 /* Project object */;
			proxyType = 1;
			remoteGlobalIDString = 64647C151B026D6400443777;
			remoteInfo = ABTestPrototype;
		};
/* End PBXContainerItemProxy section */

/* Begin PBXFileReference section */
		038F079C70D5EBBB6791A0F0 /* Pods.release.xcconfig */ = {isa = PBXFileReference; includeInIndex = 1; lastKnownFileType = text.xcconfig; name = Pods.release.xcconfig; path = "Pods/Target Support Files/Pods/Pods.release.xcconfig"; sourceTree = "<group>"; };
		5F2936CDBB8E5793172CD58B /* libPods.a */ = {isa = PBXFileReference; explicitFileType = archive.ar; includeInIndex = 0; path = libPods.a; sourceTree = BUILT_PRODUCTS_DIR; };
		64647C161B026D6400443777 /* ABTestPrototype.app */ = {isa = PBXFileReference; explicitFileType = wrapper.application; includeInIndex = 0; path = ABTestPrototype.app; sourceTree = BUILT_PRODUCTS_DIR; };
		64647C1A1B026D6400443777 /* Info.plist */ = {isa = PBXFileReference; lastKnownFileType = text.plist.xml; path = Info.plist; sourceTree = "<group>"; };
		64647C1B1B026D6400443777 /* main.m */ = {isa = PBXFileReference; lastKnownFileType = sourcecode.c.objc; path = main.m; sourceTree = "<group>"; };
		64647C1D1B026D6400443777 /* AppDelegate.h */ = {isa = PBXFileReference; lastKnownFileType = sourcecode.c.h; path = AppDelegate.h; sourceTree = "<group>"; };
		64647C1E1B026D6400443777 /* AppDelegate.m */ = {isa = PBXFileReference; lastKnownFileType = sourcecode.c.objc; path = AppDelegate.m; sourceTree = "<group>"; };
		64647C201B026D6400443777 /* FirstViewController.h */ = {isa = PBXFileReference; lastKnownFileType = sourcecode.c.h; path = FirstViewController.h; sourceTree = "<group>"; };
		64647C211B026D6400443777 /* FirstViewController.m */ = {isa = PBXFileReference; lastKnownFileType = sourcecode.c.objc; path = FirstViewController.m; sourceTree = "<group>"; };
		64647C231B026D6400443777 /* SecondViewController.h */ = {isa = PBXFileReference; lastKnownFileType = sourcecode.c.h; path = SecondViewController.h; sourceTree = "<group>"; };
		64647C241B026D6400443777 /* SecondViewController.m */ = {isa = PBXFileReference; lastKnownFileType = sourcecode.c.objc; path = SecondViewController.m; sourceTree = "<group>"; };
		64647C271B026D6400443777 /* Base */ = {isa = PBXFileReference; lastKnownFileType = file.storyboard; name = Base; path = Base.lproj/Main.storyboard; sourceTree = "<group>"; };
		64647C291B026D6400443777 /* Images.xcassets */ = {isa = PBXFileReference; lastKnownFileType = folder.assetcatalog; path = Images.xcassets; sourceTree = "<group>"; };
		64647C2C1B026D6400443777 /* Base */ = {isa = PBXFileReference; lastKnownFileType = file.xib; name = Base; path = Base.lproj/LaunchScreen.xib; sourceTree = "<group>"; };
		64647C321B026D6400443777 /* ABTestPrototypeTests.xctest */ = {isa = PBXFileReference; explicitFileType = wrapper.cfbundle; includeInIndex = 0; path = ABTestPrototypeTests.xctest; sourceTree = BUILT_PRODUCTS_DIR; };
		64647C371B026D6400443777 /* Info.plist */ = {isa = PBXFileReference; lastKnownFileType = text.plist.xml; path = Info.plist; sourceTree = "<group>"; };
		64647C381B026D6400443777 /* ABTestPrototypeTests.m */ = {isa = PBXFileReference; lastKnownFileType = sourcecode.c.objc; path = ABTestPrototypeTests.m; sourceTree = "<group>"; };
		64647C421B02751100443777 /* UIViewController+RecursiveDescription.h */ = {isa = PBXFileReference; fileEncoding = 4; lastKnownFileType = sourcecode.c.h; name = "UIViewController+RecursiveDescription.h"; path = "../../Downloads/UIViewController-RecursiveDescription-master/UIViewController+RecursiveDescription.h"; sourceTree = "<group>"; };
		64647C431B02751100443777 /* UIViewController+RecursiveDescription.m */ = {isa = PBXFileReference; fileEncoding = 4; lastKnownFileType = sourcecode.c.objc; name = "UIViewController+RecursiveDescription.m"; path = "../../Downloads/UIViewController-RecursiveDescription-master/UIViewController+RecursiveDescription.m"; sourceTree = "<group>"; };
		64647C481B027CFF00443777 /* UIViewController+Updating.h */ = {isa = PBXFileReference; fileEncoding = 4; lastKnownFileType = sourcecode.c.h; path = "UIViewController+Updating.h"; sourceTree = "<group>"; };
		64647C491B027CFF00443777 /* UIViewController+Updating.m */ = {isa = PBXFileReference; fileEncoding = 4; lastKnownFileType = sourcecode.c.objc; path = "UIViewController+Updating.m"; sourceTree = "<group>"; };
		64647C4B1B027FB800443777 /* ABController.h */ = {isa = PBXFileReference; fileEncoding = 4; lastKnownFileType = sourcecode.c.h; path = ABController.h; sourceTree = "<group>"; };
		64647C4C1B027FB800443777 /* ABController.m */ = {isa = PBXFileReference; fileEncoding = 4; lastKnownFileType = sourcecode.c.objc; path = ABController.m; sourceTree = "<group>"; };
		64647C861B02C0A700443777 /* UIView+ABTesting.h */ = {isa = PBXFileReference; fileEncoding = 4; lastKnownFileType = sourcecode.c.h; path = "UIView+ABTesting.h"; sourceTree = "<group>"; };
		64647C871B02C0A700443777 /* UIView+ABTesting.m */ = {isa = PBXFileReference; fileEncoding = 4; lastKnownFileType = sourcecode.c.objc; path = "UIView+ABTesting.m"; sourceTree = "<group>"; };
		695192178DA6B3EF6092F0BB /* Pods.debug.xcconfig */ = {isa = PBXFileReference; includeInIndex = 1; lastKnownFileType = text.xcconfig; name = Pods.debug.xcconfig; path = "Pods/Target Support Files/Pods/Pods.debug.xcconfig"; sourceTree = "<group>"; };
/* End PBXFileReference section */

/* Begin PBXFrameworksBuildPhase section */
		64647C131B026D6400443777 /* Frameworks */ = {
			isa = PBXFrameworksBuildPhase;
			buildActionMask = 2147483647;
			files = (
				6C6561441626B914F2A40753 /* libPods.a in Frameworks */,
			);
			runOnlyForDeploymentPostprocessing = 0;
		};
		64647C2F1B026D6400443777 /* Frameworks */ = {
			isa = PBXFrameworksBuildPhase;
			buildActionMask = 2147483647;
			files = (
			);
			runOnlyForDeploymentPostprocessing = 0;
		};
/* End PBXFrameworksBuildPhase section */

/* Begin PBXGroup section */
		64647C0D1B026D6400443777 = {
			isa = PBXGroup;
			children = (
				64647C861B02C0A700443777 /* UIView+ABTesting.h */,
				64647C871B02C0A700443777 /* UIView+ABTesting.m */,
				64647C4B1B027FB800443777 /* ABController.h */,
				64647C4C1B027FB800443777 /* ABController.m */,
				64647C481B027CFF00443777 /* UIViewController+Updating.h */,
				64647C491B027CFF00443777 /* UIViewController+Updating.m */,
				64647C421B02751100443777 /* UIViewController+RecursiveDescription.h */,
				64647C431B02751100443777 /* UIViewController+RecursiveDescription.m */,
				64647C181B026D6400443777 /* ABTestPrototype */,
				64647C351B026D6400443777 /* ABTestPrototypeTests */,
				64647C171B026D6400443777 /* Products */,
				DB42CC70549EB819896E7A9E /* Pods */,
				E9F5C1CF14DECF05E16F2B88 /* Frameworks */,
			);
			sourceTree = "<group>";
		};
		64647C171B026D6400443777 /* Products */ = {
			isa = PBXGroup;
			children = (
				64647C161B026D6400443777 /* ABTestPrototype.app */,
				64647C321B026D6400443777 /* ABTestPrototypeTests.xctest */,
			);
			name = Products;
			sourceTree = "<group>";
		};
		64647C181B026D6400443777 /* ABTestPrototype */ = {
			isa = PBXGroup;
			children = (
				64647C1D1B026D6400443777 /* AppDelegate.h */,
				64647C1E1B026D6400443777 /* AppDelegate.m */,
				64647C201B026D6400443777 /* FirstViewController.h */,
				64647C211B026D6400443777 /* FirstViewController.m */,
				64647C231B026D6400443777 /* SecondViewController.h */,
				64647C241B026D6400443777 /* SecondViewController.m */,
				64647C261B026D6400443777 /* Main.storyboard */,
				64647C291B026D6400443777 /* Images.xcassets */,
				64647C2B1B026D6400443777 /* LaunchScreen.xib */,
				64647C191B026D6400443777 /* Supporting Files */,
			);
			path = ABTestPrototype;
			sourceTree = "<group>";
		};
		64647C191B026D6400443777 /* Supporting Files */ = {
			isa = PBXGroup;
			children = (
				64647C1A1B026D6400443777 /* Info.plist */,
				64647C1B1B026D6400443777 /* main.m */,
			);
			name = "Supporting Files";
			sourceTree = "<group>";
		};
		64647C351B026D6400443777 /* ABTestPrototypeTests */ = {
			isa = PBXGroup;
			children = (
				64647C381B026D6400443777 /* ABTestPrototypeTests.m */,
				64647C361B026D6400443777 /* Supporting Files */,
			);
			path = ABTestPrototypeTests;
			sourceTree = "<group>";
		};
		64647C361B026D6400443777 /* Supporting Files */ = {
			isa = PBXGroup;
			children = (
				64647C371B026D6400443777 /* Info.plist */,
			);
			name = "Supporting Files";
			sourceTree = "<group>";
		};
		DB42CC70549EB819896E7A9E /* Pods */ = {
			isa = PBXGroup;
			children = (
				695192178DA6B3EF6092F0BB /* Pods.debug.xcconfig */,
				038F079C70D5EBBB6791A0F0 /* Pods.release.xcconfig */,
			);
			name = Pods;
			sourceTree = "<group>";
		};
		E9F5C1CF14DECF05E16F2B88 /* Frameworks */ = {
			isa = PBXGroup;
			children = (
				5F2936CDBB8E5793172CD58B /* libPods.a */,
			);
			name = Frameworks;
			sourceTree = "<group>";
		};
/* End PBXGroup section */

/* Begin PBXNativeTarget section */
		64647C151B026D6400443777 /* ABTestPrototype */ = {
			isa = PBXNativeTarget;
			buildConfigurationList = 64647C3C1B026D6400443777 /* Build configuration list for PBXNativeTarget "ABTestPrototype" */;
			buildPhases = (
				7B502871E9BE0347D9D68AC7 /* Check Pods Manifest.lock */,
				64647C121B026D6400443777 /* Sources */,
				64647C131B026D6400443777 /* Frameworks */,
				64647C141B026D6400443777 /* Resources */,
				1B410FDF72B51B648B60E9B6 /* Copy Pods Resources */,
			);
			buildRules = (
			);
			dependencies = (
			);
			name = ABTestPrototype;
			productName = ABTestPrototype;
			productReference = 64647C161B026D6400443777 /* ABTestPrototype.app */;
			productType = "com.apple.product-type.application";
		};
		64647C311B026D6400443777 /* ABTestPrototypeTests */ = {
			isa = PBXNativeTarget;
			buildConfigurationList = 64647C3F1B026D6400443777 /* Build configuration list for PBXNativeTarget "ABTestPrototypeTests" */;
			buildPhases = (
				64647C2E1B026D6400443777 /* Sources */,
				64647C2F1B026D6400443777 /* Frameworks */,
				64647C301B026D6400443777 /* Resources */,
			);
			buildRules = (
			);
			dependencies = (
				64647C341B026D6400443777 /* PBXTargetDependency */,
			);
			name = ABTestPrototypeTests;
			productName = ABTestPrototypeTests;
			productReference = 64647C321B026D6400443777 /* ABTestPrototypeTests.xctest */;
			productType = "com.apple.product-type.bundle.unit-test";
		};
/* End PBXNativeTarget section */

/* Begin PBXProject section */
		64647C0E1B026D6400443777 /* Project object */ = {
			isa = PBXProject;
			attributes = {
				LastUpgradeCheck = 0640;
				ORGANIZATIONNAME = "Manuel Meyer";
				TargetAttributes = {
					64647C151B026D6400443777 = {
						CreatedOnToolsVersion = 6.3.2;
						DevelopmentTeam = JLDZ9V2EQ7;
					};
					64647C311B026D6400443777 = {
						CreatedOnToolsVersion = 6.3.2;
						TestTargetID = 64647C151B026D6400443777;
					};
				};
			};
			buildConfigurationList = 64647C111B026D6400443777 /* Build configuration list for PBXProject "ABTestPrototype" */;
			compatibilityVersion = "Xcode 3.2";
			developmentRegion = English;
			hasScannedForEncodings = 0;
			knownRegions = (
				en,
				Base,
			);
			mainGroup = 64647C0D1B026D6400443777;
			productRefGroup = 64647C171B026D6400443777 /* Products */;
			projectDirPath = "";
			projectRoot = "";
			targets = (
				64647C151B026D6400443777 /* ABTestPrototype */,
				64647C311B026D6400443777 /* ABTestPrototypeTests */,
			);
		};
/* End PBXProject section */

/* Begin PBXResourcesBuildPhase section */
		64647C141B026D6400443777 /* Resources */ = {
			isa = PBXResourcesBuildPhase;
			buildActionMask = 2147483647;
			files = (
				64647C281B026D6400443777 /* Main.storyboard in Resources */,
				64647C2D1B026D6400443777 /* LaunchScreen.xib in Resources */,
				64647C2A1B026D6400443777 /* Images.xcassets in Resources */,
			);
			runOnlyForDeploymentPostprocessing = 0;
		};
		64647C301B026D6400443777 /* Resources */ = {
			isa = PBXResourcesBuildPhase;
			buildActionMask = 2147483647;
			files = (
			);
			runOnlyForDeploymentPostprocessing = 0;
		};
/* End PBXResourcesBuildPhase section */

/* Begin PBXShellScriptBuildPhase section */
		1B410FDF72B51B648B60E9B6 /* Copy Pods Resources */ = {
			isa = PBXShellScriptBuildPhase;
			buildActionMask = 2147483647;
			files = (
			);
			inputPaths = (
			);
			name = "Copy Pods Resources";
			outputPaths = (
			);
			runOnlyForDeploymentPostprocessing = 0;
			shellPath = /bin/sh;
			shellScript = "\"${SRCROOT}/Pods/Target Support Files/Pods/Pods-resources.sh\"\n";
			showEnvVarsInLog = 0;
		};
		7B502871E9BE0347D9D68AC7 /* Check Pods Manifest.lock */ = {
			isa = PBXShellScriptBuildPhase;
			buildActionMask = 2147483647;
			files = (
			);
			inputPaths = (
			);
			name = "Check Pods Manifest.lock";
			outputPaths = (
			);
			runOnlyForDeploymentPostprocessing = 0;
			shellPath = /bin/sh;
			shellScript = "diff \"${PODS_ROOT}/../Podfile.lock\" \"${PODS_ROOT}/Manifest.lock\" > /dev/null\nif [[ $? != 0 ]] ; then\n    cat << EOM\nerror: The sandbox is not in sync with the Podfile.lock. Run 'pod install' or update your CocoaPods installation.\nEOM\n    exit 1\nfi\n";
			showEnvVarsInLog = 0;
		};
/* End PBXShellScriptBuildPhase section */

/* Begin PBXSourcesBuildPhase section */
		64647C121B026D6400443777 /* Sources */ = {
			isa = PBXSourcesBuildPhase;
			buildActionMask = 2147483647;
			files = (
				64647C881B02C0A700443777 /* UIView+ABTesting.m in Sources */,
				64647C441B02751100443777 /* UIViewController+RecursiveDescription.m in Sources */,
				64647C251B026D6400443777 /* SecondViewController.m in Sources */,
				64647C4A1B027CFF00443777 /* UIViewController+Updating.m in Sources */,
				64647C1F1B026D6400443777 /* AppDelegate.m in Sources */,
				64647C4D1B027FB800443777 /* ABController.m in Sources */,
				64647C221B026D6400443777 /* FirstViewController.m in Sources */,
				64647C1C1B026D6400443777 /* main.m in Sources */,
			);
			runOnlyForDeploymentPostprocessing = 0;
		};
		64647C2E1B026D6400443777 /* Sources */ = {
			isa = PBXSourcesBuildPhase;
			buildActionMask = 2147483647;
			files = (
				64647C391B026D6400443777 /* ABTestPrototypeTests.m in Sources */,
			);
			runOnlyForDeploymentPostprocessing = 0;
		};
/* End PBXSourcesBuildPhase section */

/* Begin PBXTargetDependency section */
		64647C341B026D6400443777 /* PBXTargetDependency */ = {
			isa = PBXTargetDependency;
			target = 64647C151B026D6400443777 /* ABTestPrototype */;
			targetProxy = 64647C331B026D6400443777 /* PBXContainerItemProxy */;
		};
/* End PBXTargetDependency section */

/* Begin PBXVariantGroup section */
		64647C261B026D6400443777 /* Main.storyboard */ = {
			isa = PBXVariantGroup;
			children = (
				64647C271B026D6400443777 /* Base */,
			);
			name = Main.storyboard;
			sourceTree = "<group>";
		};
		64647C2B1B026D6400443777 /* LaunchScreen.xib */ = {
			isa = PBXVariantGroup;
			children = (
				64647C2C1B026D6400443777 /* Base */,
			);
			name = LaunchScreen.xib;
			sourceTree = "<group>";
		};
/* End PBXVariantGroup section */

/* Begin XCBuildConfiguration section */
		64647C3A1B026D6400443777 /* Debug */ = {
			isa = XCBuildConfiguration;
			buildSettings = {
				ALWAYS_SEARCH_USER_PATHS = NO;
				CLANG_CXX_LANGUAGE_STANDARD = "gnu++0x";
				CLANG_CXX_LIBRARY = "libc++";
				CLANG_ENABLE_MODULES = YES;
				CLANG_ENABLE_OBJC_ARC = YES;
				CLANG_WARN_BOOL_CONVERSION = YES;
				CLANG_WARN_CONSTANT_CONVERSION = YES;
				CLANG_WARN_DIRECT_OBJC_ISA_USAGE = YES_ERROR;
				CLANG_WARN_EMPTY_BODY = YES;
				CLANG_WARN_ENUM_CONVERSION = YES;
				CLANG_WARN_INT_CONVERSION = YES;
				CLANG_WARN_OBJC_ROOT_CLASS = YES_ERROR;
				CLANG_WARN_UNREACHABLE_CODE = YES;
				CLANG_WARN__DUPLICATE_METHOD_MATCH = YES;
				"CODE_SIGN_IDENTITY[sdk=iphoneos*]" = "iPhone Developer";
				COPY_PHASE_STRIP = NO;
				DEBUG_INFORMATION_FORMAT = "dwarf-with-dsym";
				ENABLE_STRICT_OBJC_MSGSEND = YES;
				GCC_C_LANGUAGE_STANDARD = gnu99;
				GCC_DYNAMIC_NO_PIC = NO;
				GCC_NO_COMMON_BLOCKS = YES;
				GCC_OPTIMIZATION_LEVEL = 0;
				GCC_PREPROCESSOR_DEFINITIONS = (
					"DEBUG=1",
					"$(inherited)",
				);
				GCC_SYMBOLS_PRIVATE_EXTERN = NO;
				GCC_WARN_64_TO_32_BIT_CONVERSION = YES;
				GCC_WARN_ABOUT_RETURN_TYPE = YES_ERROR;
				GCC_WARN_UNDECLARED_SELECTOR = YES;
				GCC_WARN_UNINITIALIZED_AUTOS = YES_AGGRESSIVE;
				GCC_WARN_UNUSED_FUNCTION = YES;
				GCC_WARN_UNUSED_VARIABLE = YES;
				IPHONEOS_DEPLOYMENT_TARGET = 8.3;
				MTL_ENABLE_DEBUG_INFO = YES;
				ONLY_ACTIVE_ARCH = YES;
				SDKROOT = iphoneos;
				TARGETED_DEVICE_FAMILY = "1,2";
			};
			name = Debug;
		};
		64647C3B1B026D6400443777 /* Release */ = {
			isa = XCBuildConfiguration;
			buildSettings = {
				ALWAYS_SEARCH_USER_PATHS = NO;
				CLANG_CXX_LANGUAGE_STANDARD = "gnu++0x";
				CLANG_CXX_LIBRARY = "libc++";
				CLANG_ENABLE_MODULES = YES;
				CLANG_ENABLE_OBJC_ARC = YES;
				CLANG_WARN_BOOL_CONVERSION = YES;
				CLANG_WARN_CONSTANT_CONVERSION = YES;
				CLANG_WARN_DIRECT_OBJC_ISA_USAGE = YES_ERROR;
				CLANG_WARN_EMPTY_BODY = YES;
				CLANG_WARN_ENUM_CONVERSION = YES;
				CLANG_WARN_INT_CONVERSION = YES;
				CLANG_WARN_OBJC_ROOT_CLASS = YES_ERROR;
				CLANG_WARN_UNREACHABLE_CODE = YES;
				CLANG_WARN__DUPLICATE_METHOD_MATCH = YES;
				"CODE_SIGN_IDENTITY[sdk=iphoneos*]" = "iPhone Developer";
				COPY_PHASE_STRIP = NO;
				DEBUG_INFORMATION_FORMAT = "dwarf-with-dsym";
				ENABLE_NS_ASSERTIONS = NO;
				ENABLE_STRICT_OBJC_MSGSEND = YES;
				GCC_C_LANGUAGE_STANDARD = gnu99;
				GCC_NO_COMMON_BLOCKS = YES;
				GCC_WARN_64_TO_32_BIT_CONVERSION = YES;
				GCC_WARN_ABOUT_RETURN_TYPE = YES_ERROR;
				GCC_WARN_UNDECLARED_SELECTOR = YES;
				GCC_WARN_UNINITIALIZED_AUTOS = YES_AGGRESSIVE;
				GCC_WARN_UNUSED_FUNCTION = YES;
				GCC_WARN_UNUSED_VARIABLE = YES;
				IPHONEOS_DEPLOYMENT_TARGET = 8.3;
				MTL_ENABLE_DEBUG_INFO = NO;
				SDKROOT = iphoneos;
				TARGETED_DEVICE_FAMILY = "1,2";
				VALIDATE_PRODUCT = YES;
			};
			name = Release;
		};
		64647C3D1B026D6400443777 /* Debug */ = {
			isa = XCBuildConfiguration;
			baseConfigurationReference = 695192178DA6B3EF6092F0BB /* Pods.debug.xcconfig */;
			buildSettings = {
				ASSETCATALOG_COMPILER_APPICON_NAME = AppIcon;
				CODE_SIGN_IDENTITY = "iPhone Developer";
				"CODE_SIGN_IDENTITY[sdk=iphoneos*]" = "iPhone Developer";
				INFOPLIST_FILE = ABTestPrototype/Info.plist;
				IPHONEOS_DEPLOYMENT_TARGET = 7.0;
				LD_RUNPATH_SEARCH_PATHS = "$(inherited) @executable_path/Frameworks";
				PRODUCT_NAME = "$(TARGET_NAME)";
				PROVISIONING_PROFILE = "";
			};
			name = Debug;
		};
		64647C3E1B026D6400443777 /* Release */ = {
			isa = XCBuildConfiguration;
			baseConfigurationReference = 038F079C70D5EBBB6791A0F0 /* Pods.release.xcconfig */;
			buildSettings = {
				ASSETCATALOG_COMPILER_APPICON_NAME = AppIcon;
				CODE_SIGN_IDENTITY = "iPhone Developer";
				"CODE_SIGN_IDENTITY[sdk=iphoneos*]" = "iPhone Developer";
				INFOPLIST_FILE = ABTestPrototype/Info.plist;
				IPHONEOS_DEPLOYMENT_TARGET = 7.0;
				LD_RUNPATH_SEARCH_PATHS = "$(inherited) @executable_path/Frameworks";
				PRODUCT_NAME = "$(TARGET_NAME)";
				PROVISIONING_PROFILE = "";
			};
			name = Release;
		};
		64647C401B026D6400443777 /* Debug */ = {
			isa = XCBuildConfiguration;
			buildSettings = {
				BUNDLE_LOADER = "$(TEST_HOST)";
				FRAMEWORK_SEARCH_PATHS = (
					"$(SDKROOT)/Developer/Library/Frameworks",
					"$(inherited)",
				);
				GCC_PREPROCESSOR_DEFINITIONS = (
					"DEBUG=1",
					"$(inherited)",
				);
				INFOPLIST_FILE = ABTestPrototypeTests/Info.plist;
				LD_RUNPATH_SEARCH_PATHS = "$(inherited) @executable_path/Frameworks @loader_path/Frameworks";
				PRODUCT_NAME = "$(TARGET_NAME)";
				TEST_HOST = "$(BUILT_PRODUCTS_DIR)/ABTestPrototype.app/ABTestPrototype";
			};
			name = Debug;
		};
		64647C411B026D6400443777 /* Release */ = {
			isa = XCBuildConfiguration;
			buildSettings = {
				BUNDLE_LOADER = "$(TEST_HOST)";
				FRAMEWORK_SEARCH_PATHS = (
					"$(SDKROOT)/Developer/Library/Frameworks",
					"$(inherited)",
				);
				INFOPLIST_FILE = ABTestPrototypeTests/Info.plist;
				LD_RUNPATH_SEARCH_PATHS = "$(inherited) @executable_path/Frameworks @loader_path/Frameworks";
				PRODUCT_NAME = "$(TARGET_NAME)";
				TEST_HOST = "$(BUILT_PRODUCTS_DIR)/ABTestPrototype.app/ABTestPrototype";
			};
			name = Release;
		};
/* End XCBuildConfiguration section */

/* Begin XCConfigurationList section */
		64647C111B026D6400443777 /* Build configuration list for PBXProject "ABTestPrototype" */ = {
			isa = XCConfigurationList;
			buildConfigurations = (
				64647C3A1B026D6400443777 /* Debug */,
				64647C3B1B026D6400443777 /* Release */,
			);
			defaultConfigurationIsVisible = 0;
			defaultConfigurationName = Release;
		};
		64647C3C1B026D6400443777 /* Build configuration list for PBXNativeTarget "ABTestPrototype" */ = {
			isa = XCConfigurationList;
			buildConfigurations = (
				64647C3D1B026D6400443777 /* Debug */,
				64647C3E1B026D6400443777 /* Release */,
			);
			defaultConfigurationIsVisible = 0;
			defaultConfigurationName = Release;
		};
		64647C3F1B026D6400443777 /* Build configuration list for PBXNativeTarget "ABTestPrototypeTests" */ = {
			isa = XCConfigurationList;
			buildConfigurations = (
				64647C401B026D6400443777 /* Debug */,
				64647C411B026D6400443777 /* Release */,
			);
			defaultConfigurationIsVisible = 0;
			defaultConfigurationName = Release;
		};
/* End XCConfigurationList section */
	};
	rootObject = 64647C0E1B026D6400443777 /* Project object */;
}
